
Microsoft Visual Studio Solution File, Format Version 12.00
# Visual Studio Version 17
VisualStudioVersion = 17.5.2.0
MinimumVisualStudioVersion = 10.0.40219.1
Project("{2150E333-8FDC-42A3-9474-1A3956D46DE8}") = "src", "src", "{827E0CD3-B72D-47B6-A68D-7590B98EB39B}"
EndProject
Project("{2150E333-8FDC-42A3-9474-1A3956D46DE8}") = "tests", "tests", "{0AB3BF05-4346-4AA6-1389-037BE0695223}"
EndProject
Project("{FAE04EC0-301F-11D3-BF4B-00C04F79EFBC}") = "EcsExample.Api", "src\EcsExample.Api\EcsExample.Api.csproj", "{A6AA16DD-668C-4A6E-488D-D00FCA18494A}"
EndProject
Project("{FAE04EC0-301F-11D3-BF4B-00C04F79EFBC}") = "EcsExample.Tests.Integration", "tests\EcsExample.Tests.Integration\EcsExample.Tests.Integration.csproj", "{B2E2B3FF-FB3A-8F98-1124-BF7127F9CDC7}"
EndProject
Project("{FAE04EC0-301F-11D3-BF4B-00C04F79EFBC}") = "EcsExample.Tests.Unit", "tests\EcsExample.Tests.Unit\EcsExample.Tests.Unit.csproj", "{FE48AE66-6A17-23ED-C871-BBC7FD0EB191}"
EndProject
Global
	GlobalSection(SolutionConfigurationPlatforms) = preSolution
		Debug|Any CPU = Debug|Any CPU
		Debug|x64 = Debug|x64
		Debug|x86 = Debug|x86
		Release|Any CPU = Release|Any CPU
		Release|x64 = Release|x64
		Release|x86 = Release|x86
	EndGlobalSection
	GlobalSection(ProjectConfigurationPlatforms) = postSolution
		{A6AA16DD-668C-4A6E-488D-D00FCA18494A}.Debug|Any CPU.ActiveCfg = Debug|Any CPU
		{A6AA16DD-668C-4A6E-488D-D00FCA18494A}.Debug|Any CPU.Build.0 = Debug|Any CPU
		{A6AA16DD-668C-4A6E-488D-D00FCA18494A}.Debug|x64.ActiveCfg = Debug|Any CPU
		{A6AA16DD-668C-4A6E-488D-D00FCA18494A}.Debug|x64.Build.0 = Debug|Any CPU
		{A6AA16DD-668C-4A6E-488D-D00FCA18494A}.Debug|x86.ActiveCfg = Debug|Any CPU
		{A6AA16DD-668C-4A6E-488D-D00FCA18494A}.Debug|x86.Build.0 = Debug|Any CPU
		{A6AA16DD-668C-4A6E-488D-D00FCA18494A}.Release|Any CPU.ActiveCfg = Release|Any CPU
		{A6AA16DD-668C-4A6E-488D-D00FCA18494A}.Release|Any CPU.Build.0 = Release|Any CPU
		{A6AA16DD-668C-4A6E-488D-D00FCA18494A}.Release|x64.ActiveCfg = Release|Any CPU
		{A6AA16DD-668C-4A6E-488D-D00FCA18494A}.Release|x64.Build.0 = Release|Any CPU
		{A6AA16DD-668C-4A6E-488D-D00FCA18494A}.Release|x86.ActiveCfg = Release|Any CPU
		{A6AA16DD-668C-4A6E-488D-D00FCA18494A}.Release|x86.Build.0 = Release|Any CPU
		{B2E2B3FF-FB3A-8F98-1124-BF7127F9CDC7}.Debug|Any CPU.ActiveCfg = Debug|Any CPU
		{B2E2B3FF-FB3A-8F98-1124-BF7127F9CDC7}.Debug|Any CPU.Build.0 = Debug|Any CPU
		{B2E2B3FF-FB3A-8F98-1124-BF7127F9CDC7}.Debug|x64.ActiveCfg = Debug|Any CPU
		{B2E2B3FF-FB3A-8F98-1124-BF7127F9CDC7}.Debug|x64.Build.0 = Debug|Any CPU
		{B2E2B3FF-FB3A-8F98-1124-BF7127F9CDC7}.Debug|x86.ActiveCfg = Debug|Any CPU
		{B2E2B3FF-FB3A-8F98-1124-BF7127F9CDC7}.Debug|x86.Build.0 = Debug|Any CPU
		{B2E2B3FF-FB3A-8F98-1124-BF7127F9CDC7}.Release|Any CPU.ActiveCfg = Release|Any CPU
		{B2E2B3FF-FB3A-8F98-1124-BF7127F9CDC7}.Release|Any CPU.Build.0 = Release|Any CPU
		{B2E2B3FF-FB3A-8F98-1124-BF7127F9CDC7}.Release|x64.ActiveCfg = Release|Any CPU
		{B2E2B3FF-FB3A-8F98-1124-BF7127F9CDC7}.Release|x64.Build.0 = Release|Any CPU
		{B2E2B3FF-FB3A-8F98-1124-BF7127F9CDC7}.Release|x86.ActiveCfg = Release|Any CPU
		{B2E2B3FF-FB3A-8F98-1124-BF7127F9CDC7}.Release|x86.Build.0 = Release|Any CPU
		{FE48AE66-6A17-23ED-C871-BBC7FD0EB191}.Debug|Any CPU.ActiveCfg = Debug|Any CPU
		{FE48AE66-6A17-23ED-C871-BBC7FD0EB191}.Debug|Any CPU.Build.0 = Debug|Any CPU
		{FE48AE66-6A17-23ED-C871-BBC7FD0EB191}.Debug|x64.ActiveCfg = Debug|Any CPU
		{FE48AE66-6A17-23ED-C871-BBC7FD0EB191}.Debug|x64.Build.0 = Debug|Any CPU
		{FE48AE66-6A17-23ED-C871-BBC7FD0EB191}.Debug|x86.ActiveCfg = Debug|Any CPU
		{FE48AE66-6A17-23ED-C871-BBC7FD0EB191}.Debug|x86.Build.0 = Debug|Any CPU
		{FE48AE66-6A17-23ED-C871-BBC7FD0EB191}.Release|Any CPU.ActiveCfg = Release|Any CPU
		{FE48AE66-6A17-23ED-C871-BBC7FD0EB191}.Release|Any CPU.Build.0 = Release|Any CPU
		{FE48AE66-6A17-23ED-C871-BBC7FD0EB191}.Release|x64.ActiveCfg = Release|Any CPU
		{FE48AE66-6A17-23ED-C871-BBC7FD0EB191}.Release|x64.Build.0 = Release|Any CPU
		{FE48AE66-6A17-23ED-C871-BBC7FD0EB191}.Release|x86.ActiveCfg = Release|Any CPU
		{FE48AE66-6A17-23ED-C871-BBC7FD0EB191}.Release|x86.Build.0 = Release|Any CPU
	EndGlobalSection
	GlobalSection(SolutionProperties) = preSolution
		HideSolutionNode = FALSE
	EndGlobalSection
	GlobalSection(NestedProjects) = preSolution
		{A6AA16DD-668C-4A6E-488D-D00FCA18494A} = {827E0CD3-B72D-47B6-A68D-7590B98EB39B}
		{B2E2B3FF-FB3A-8F98-1124-BF7127F9CDC7} = {0AB3BF05-4346-4AA6-1389-037BE0695223}
		{FE48AE66-6A17-23ED-C871-BBC7FD0EB191} = {0AB3BF05-4346-4AA6-1389-037BE0695223}
	EndGlobalSection
	GlobalSection(ExtensibilityGlobals) = postSolution
		SolutionGuid = {BD5E6270-F43E-46C6-877E-116B801BCEB7}
	EndGlobalSection
EndGlobal
